
Microsoft Visual Studio Solution File, Format Version 12.00
# Visual Studio Version 17
VisualStudioVersion = 17.0.32112.339
MinimumVisualStudioVersion = 10.0.40219.1
Project("{FAE04EC0-301F-11D3-BF4B-00C04F79EFBC}") = "Opgave 1", "Opgave 1\Opgave 1.csproj", "{CBE40C83-B2CB-4475-8814-8C3682332498}"
EndProject
Global
	GlobalSection(SolutionConfigurationPlatforms) = preSolution
		Debug|Any CPU = Debug|Any CPU
		Release|Any CPU = Release|Any CPU
	EndGlobalSection
	GlobalSection(ProjectConfigurationPlatforms) = postSolution
		{CBE40C83-B2CB-4475-8814-8C3682332498}.Debug|Any CPU.ActiveCfg = Debug|Any CPU
		{CBE40C83-B2CB-4475-8814-8C3682332498}.Debug|Any CPU.Build.0 = Debug|Any CPU
		{CBE40C83-B2CB-4475-8814-8C3682332498}.Release|Any CPU.ActiveCfg = Release|Any CPU
		{CBE40C83-B2CB-4475-8814-8C3682332498}.Release|Any CPU.Build.0 = Release|Any CPU
	EndGlobalSection
	GlobalSection(SolutionProperties) = preSolution
		HideSolutionNode = FALSE
	EndGlobalSection
	GlobalSection(ExtensibilityGlobals) = postSolution
		SolutionGuid = {E133C11A-078B-4877-A2A0-4404249BF2B1}
	EndGlobalSection
EndGlobal
